
Microsoft Visual Studio Solution File, Format Version 11.00
# Visual Studio 2010
Project("{FAE04EC0-301F-11D3-BF4B-00C04F79EFBC}") = "BibliotecaPOOII", "BibliotecaPOOII\BibliotecaPOOII.csproj", "{A9BDBF0C-80A9-468B-AEB5-5F9E3FD23AE7}"
EndProject
Project("{FAE04EC0-301F-11D3-BF4B-00C04F79EFBC}") = "dll_BS_BlibliotecaPOOII", "dll_BS_BlibliotecaPOOII\dll_BS_BlibliotecaPOOII.csproj", "{9CE93867-13CB-4212-8047-38CD5543403C}"
EndProject
Project("{FAE04EC0-301F-11D3-BF4B-00C04F79EFBC}") = "dll_DB_Kernel", "dll_DB_Kernel\dll_DB_Kernel.csproj", "{A05453FE-2B82-49D0-BF6C-62D39F2A9B00}"
EndProject
Project("{FAE04EC0-301F-11D3-BF4B-00C04F79EFBC}") = "dll_DB_BlibliotecaPOOII", "dll_DB_libliotecaPOOII\dll_DB_BlibliotecaPOOII.csproj", "{F2AC570E-363B-4B06-AE15-CBB57886D379}"
EndProject
Project("{FAE04EC0-301F-11D3-BF4B-00C04F79EFBC}") = "dll_Util", "dll_Util\dll_Util.csproj", "{174F8BC0-E516-409D-AF95-5CAC5E6AFF20}"
EndProject
Global
	GlobalSection(SolutionConfigurationPlatforms) = preSolution
		Debug|Any CPU = Debug|Any CPU
		Debug|Mixed Platforms = Debug|Mixed Platforms
		Debug|x86 = Debug|x86
		Release|Any CPU = Release|Any CPU
		Release|Mixed Platforms = Release|Mixed Platforms
		Release|x86 = Release|x86
	EndGlobalSection
	GlobalSection(ProjectConfigurationPlatforms) = postSolution
		{A9BDBF0C-80A9-468B-AEB5-5F9E3FD23AE7}.Debug|Any CPU.ActiveCfg = Debug|x86
		{A9BDBF0C-80A9-468B-AEB5-5F9E3FD23AE7}.Debug|Mixed Platforms.ActiveCfg = Debug|x86
		{A9BDBF0C-80A9-468B-AEB5-5F9E3FD23AE7}.Debug|Mixed Platforms.Build.0 = Debug|x86
		{A9BDBF0C-80A9-468B-AEB5-5F9E3FD23AE7}.Debug|x86.ActiveCfg = Debug|x86
		{A9BDBF0C-80A9-468B-AEB5-5F9E3FD23AE7}.Debug|x86.Build.0 = Debug|x86
		{A9BDBF0C-80A9-468B-AEB5-5F9E3FD23AE7}.Release|Any CPU.ActiveCfg = Release|x86
		{A9BDBF0C-80A9-468B-AEB5-5F9E3FD23AE7}.Release|Mixed Platforms.ActiveCfg = Release|x86
		{A9BDBF0C-80A9-468B-AEB5-5F9E3FD23AE7}.Release|Mixed Platforms.Build.0 = Release|x86
		{A9BDBF0C-80A9-468B-AEB5-5F9E3FD23AE7}.Release|x86.ActiveCfg = Release|x86
		{A9BDBF0C-80A9-468B-AEB5-5F9E3FD23AE7}.Release|x86.Build.0 = Release|x86
		{9CE93867-13CB-4212-8047-38CD5543403C}.Debug|Any CPU.ActiveCfg = Debug|Any CPU
		{9CE93867-13CB-4212-8047-38CD5543403C}.Debug|Any CPU.Build.0 = Debug|Any CPU
		{9CE93867-13CB-4212-8047-38CD5543403C}.Debug|Mixed Platforms.ActiveCfg = Debug|Any CPU
		{9CE93867-13CB-4212-8047-38CD5543403C}.Debug|Mixed Platforms.Build.0 = Debug|Any CPU
		{9CE93867-13CB-4212-8047-38CD5543403C}.Debug|x86.ActiveCfg = Debug|Any CPU
		{9CE93867-13CB-4212-8047-38CD5543403C}.Release|Any CPU.ActiveCfg = Release|Any CPU
		{9CE93867-13CB-4212-8047-38CD5543403C}.Release|Any CPU.Build.0 = Release|Any CPU
		{9CE93867-13CB-4212-8047-38CD5543403C}.Release|Mixed Platforms.ActiveCfg = Release|Any CPU
		{9CE93867-13CB-4212-8047-38CD5543403C}.Release|Mixed Platforms.Build.0 = Release|Any CPU
		{9CE93867-13CB-4212-8047-38CD5543403C}.Release|x86.ActiveCfg = Release|Any CPU
		{A05453FE-2B82-49D0-BF6C-62D39F2A9B00}.Debug|Any CPU.ActiveCfg = Debug|Any CPU
		{A05453FE-2B82-49D0-BF6C-62D39F2A9B00}.Debug|Any CPU.Build.0 = Debug|Any CPU
		{A05453FE-2B82-49D0-BF6C-62D39F2A9B00}.Debug|Mixed Platforms.ActiveCfg = Debug|Any CPU
		{A05453FE-2B82-49D0-BF6C-62D39F2A9B00}.Debug|Mixed Platforms.Build.0 = Debug|Any CPU
		{A05453FE-2B82-49D0-BF6C-62D39F2A9B00}.Debug|x86.ActiveCfg = Debug|Any CPU
		{A05453FE-2B82-49D0-BF6C-62D39F2A9B00}.Release|Any CPU.ActiveCfg = Release|Any CPU
		{A05453FE-2B82-49D0-BF6C-62D39F2A9B00}.Release|Any CPU.Build.0 = Release|Any CPU
		{A05453FE-2B82-49D0-BF6C-62D39F2A9B00}.Release|Mixed Platforms.ActiveCfg = Release|Any CPU
		{A05453FE-2B82-49D0-BF6C-62D39F2A9B00}.Release|Mixed Platforms.Build.0 = Release|Any CPU
		{A05453FE-2B82-49D0-BF6C-62D39F2A9B00}.Release|x86.ActiveCfg = Release|Any CPU
		{F2AC570E-363B-4B06-AE15-CBB57886D379}.Debug|Any CPU.ActiveCfg = Debug|Any CPU
		{F2AC570E-363B-4B06-AE15-CBB57886D379}.Debug|Any CPU.Build.0 = Debug|Any CPU
		{F2AC570E-363B-4B06-AE15-CBB57886D379}.Debug|Mixed Platforms.ActiveCfg = Debug|Any CPU
		{F2AC570E-363B-4B06-AE15-CBB57886D379}.Debug|Mixed Platforms.Build.0 = Debug|Any CPU
		{F2AC570E-363B-4B06-AE15-CBB57886D379}.Debug|x86.ActiveCfg = Debug|Any CPU
		{F2AC570E-363B-4B06-AE15-CBB57886D379}.Release|Any CPU.ActiveCfg = Release|Any CPU
		{F2AC570E-363B-4B06-AE15-CBB57886D379}.Release|Any CPU.Build.0 = Release|Any CPU
		{F2AC570E-363B-4B06-AE15-CBB57886D379}.Release|Mixed Platforms.ActiveCfg = Release|Any CPU
		{F2AC570E-363B-4B06-AE15-CBB57886D379}.Release|Mixed Platforms.Build.0 = Release|Any CPU
		{F2AC570E-363B-4B06-AE15-CBB57886D379}.Release|x86.ActiveCfg = Release|Any CPU
		{174F8BC0-E516-409D-AF95-5CAC5E6AFF20}.Debug|Any CPU.ActiveCfg = Debug|Any CPU
		{174F8BC0-E516-409D-AF95-5CAC5E6AFF20}.Debug|Any CPU.Build.0 = Debug|Any CPU
		{174F8BC0-E516-409D-AF95-5CAC5E6AFF20}.Debug|Mixed Platforms.ActiveCfg = Debug|Any CPU
		{174F8BC0-E516-409D-AF95-5CAC5E6AFF20}.Debug|Mixed Platforms.Build.0 = Debug|Any CPU
		{174F8BC0-E516-409D-AF95-5CAC5E6AFF20}.Debug|x86.ActiveCfg = Debug|Any CPU
		{174F8BC0-E516-409D-AF95-5CAC5E6AFF20}.Release|Any CPU.ActiveCfg = Release|Any CPU
		{174F8BC0-E516-409D-AF95-5CAC5E6AFF20}.Release|Any CPU.Build.0 = Release|Any CPU
		{174F8BC0-E516-409D-AF95-5CAC5E6AFF20}.Release|Mixed Platforms.ActiveCfg = Release|Any CPU
		{174F8BC0-E516-409D-AF95-5CAC5E6AFF20}.Release|Mixed Platforms.Build.0 = Release|Any CPU
		{174F8BC0-E516-409D-AF95-5CAC5E6AFF20}.Release|x86.ActiveCfg = Release|Any CPU
	EndGlobalSection
	GlobalSection(SolutionProperties) = preSolution
		HideSolutionNode = FALSE
	EndGlobalSection
EndGlobal
